
Microsoft Visual Studio Solution File, Format Version 12.00
# Visual Studio Version 16
VisualStudioVersion = 16.0.29613.14
MinimumVisualStudioVersion = 10.0.40219.1
Project("{FAE04EC0-301F-11D3-BF4B-00C04F79EFBC}") = "HotelRestAPI", "HotelRestAPI.csproj", "{F7B6EE5A-AC64-421E-B8E4-D97E51EFF421}"
EndProject
Project("{FAE04EC0-301F-11D3-BF4B-00C04F79EFBC}") = "ModelLibrary", "..\ModelLibrary\ModelLibrary.csproj", "{A7781AB1-4F24-478D-8313-FF44BE94A428}"
EndProject
Global
	GlobalSection(SolutionConfigurationPlatforms) = preSolution
		Debug|Any CPU = Debug|Any CPU
		Release|Any CPU = Release|Any CPU
	EndGlobalSection
	GlobalSection(ProjectConfigurationPlatforms) = postSolution
		{F7B6EE5A-AC64-421E-B8E4-D97E51EFF421}.Debug|Any CPU.ActiveCfg = Debug|Any CPU
		{F7B6EE5A-AC64-421E-B8E4-D97E51EFF421}.Debug|Any CPU.Build.0 = Debug|Any CPU
		{F7B6EE5A-AC64-421E-B8E4-D97E51EFF421}.Release|Any CPU.ActiveCfg = Release|Any CPU
		{F7B6EE5A-AC64-421E-B8E4-D97E51EFF421}.Release|Any CPU.Build.0 = Release|Any CPU
		{A7781AB1-4F24-478D-8313-FF44BE94A428}.Debug|Any CPU.ActiveCfg = Debug|Any CPU
		{A7781AB1-4F24-478D-8313-FF44BE94A428}.Debug|Any CPU.Build.0 = Debug|Any CPU
		{A7781AB1-4F24-478D-8313-FF44BE94A428}.Release|Any CPU.ActiveCfg = Release|Any CPU
		{A7781AB1-4F24-478D-8313-FF44BE94A428}.Release|Any CPU.Build.0 = Release|Any CPU
	EndGlobalSection
	GlobalSection(SolutionProperties) = preSolution
		HideSolutionNode = FALSE
	EndGlobalSection
	GlobalSection(ExtensibilityGlobals) = postSolution
		SolutionGuid = {85CDEFCA-C015-411D-822C-782FB8D2B116}
	EndGlobalSection
EndGlobal
